// !$*UTF8*$!
{
	archiveVersion = 1;
	classes = {
	};
	objectVersion = 48;
	objects = {

/* Begin PBXBuildFile section */
		77826BDB203E7427009D5F2C /* AppDelegate.m in Sources */ = {isa = PBXBuildFile; fileRef = 77826BDA203E7427009D5F2C /* AppDelegate.m */; };
		77826BDE203E7427009D5F2C /* ViewController.m in Sources */ = {isa = PBXBuildFile; fileRef = 77826BDD203E7427009D5F2C /* ViewController.m */; };
		77826BE1203E7427009D5F2C /* Main.storyboard in Resources */ = {isa = PBXBuildFile; fileRef = 77826BDF203E7427009D5F2C /* Main.storyboard */; };
		77826BE3203E7427009D5F2C /* Assets.xcassets in Resources */ = {isa = PBXBuildFile; fileRef = 77826BE2203E7427009D5F2C /* Assets.xcassets */; };
		77826BE6203E7427009D5F2C /* LaunchScreen.storyboard in Resources */ = {isa = PBXBuildFile; fileRef = 77826BE4203E7427009D5F2C /* LaunchScreen.storyboard */; };
		77826BE9203E7427009D5F2C /* main.m in Sources */ = {isa = PBXBuildFile; fileRef = 77826BE8203E7427009D5F2C /* main.m */; };
		77826C10203E74AC009D5F2C /* Podfile in Resources */ = {isa = PBXBuildFile; fileRef = 77826C0F203E74AC009D5F2C /* Podfile */; };
		77826C16203E84E8009D5F2C /* SJBaseVideoPlayer.podspec in Resources */ = {isa = PBXBuildFile; fileRef = 77826C15203E84E8009D5F2C /* SJBaseVideoPlayer.podspec */; };
		77826C18203FAB8B009D5F2C /* README.md in Resources */ = {isa = PBXBuildFile; fileRef = 77826C17203FAB8B009D5F2C /* README.md */; };
		77A41FAC23BB7914000B3A48 /* UIViewController+SJRotationControlExtended.m in Sources */ = {isa = PBXBuildFile; fileRef = 77A41FAA23BB7914000B3A48 /* UIViewController+SJRotationControlExtended.m */; };
		C72090F66CE012968A1699AF /* libPods-Project.a in Frameworks */ = {isa = PBXBuildFile; fileRef = 3783465EF81E7A5838D5F3FF /* libPods-Project.a */; };
/* End PBXBuildFile section */

/* Begin PBXFileReference section */
		04C647CC6AA139DA4312FCCE /* Pods-Project.release.xcconfig */ = {isa = PBXFileReference; includeInIndex = 1; lastKnownFileType = text.xcconfig; name = "Pods-Project.release.xcconfig"; path = "Pods/Target Support Files/Pods-Project/Pods-Project.release.xcconfig"; sourceTree = "<group>"; };
		3783465EF81E7A5838D5F3FF /* libPods-Project.a */ = {isa = PBXFileReference; explicitFileType = archive.ar; includeInIndex = 0; path = "libPods-Project.a"; sourceTree = BUILT_PRODUCTS_DIR; };
		77826BD6203E7427009D5F2C /* Project.app */ = {isa = PBXFileReference; explicitFileType = wrapper.application; includeInIndex = 0; path = Project.app; sourceTree = BUILT_PRODUCTS_DIR; };
		77826BD9203E7427009D5F2C /* AppDelegate.h */ = {isa = PBXFileReference; lastKnownFileType = sourcecode.c.h; path = AppDelegate.h; sourceTree = "<group>"; };
		77826BDA203E7427009D5F2C /* AppDelegate.m */ = {isa = PBXFileReference; lastKnownFileType = sourcecode.c.objc; path = AppDelegate.m; sourceTree = "<group>"; };
		77826BDC203E7427009D5F2C /* ViewController.h */ = {isa = PBXFileReference; lastKnownFileType = sourcecode.c.h; path = ViewController.h; sourceTree = "<group>"; };
		77826BDD203E7427009D5F2C /* ViewController.m */ = {isa = PBXFileReference; lastKnownFileType = sourcecode.c.objc; path = ViewController.m; sourceTree = "<group>"; };
		77826BE0203E7427009D5F2C /* Base */ = {isa = PBXFileReference; lastKnownFileType = file.storyboard; name = Base; path = Base.lproj/Main.storyboard; sourceTree = "<group>"; };
		77826BE2203E7427009D5F2C /* Assets.xcassets */ = {isa = PBXFileReference; lastKnownFileType = folder.assetcatalog; path = Assets.xcassets; sourceTree = "<group>"; };
		77826BE5203E7427009D5F2C /* Base */ = {isa = PBXFileReference; lastKnownFileType = file.storyboard; name = Base; path = Base.lproj/LaunchScreen.storyboard; sourceTree = "<group>"; };
		77826BE7203E7427009D5F2C /* Info.plist */ = {isa = PBXFileReference; lastKnownFileType = text.plist.xml; path = Info.plist; sourceTree = "<group>"; };
		77826BE8203E7427009D5F2C /* main.m */ = {isa = PBXFileReference; lastKnownFileType = sourcecode.c.objc; path = main.m; sourceTree = "<group>"; };
		77826C0F203E74AC009D5F2C /* Podfile */ = {isa = PBXFileReference; fileEncoding = 4; lastKnownFileType = text; path = Podfile; sourceTree = "<group>"; xcLanguageSpecificationIdentifier = xcode.lang.ruby; };
		77826C15203E84E8009D5F2C /* SJBaseVideoPlayer.podspec */ = {isa = PBXFileReference; fileEncoding = 4; lastKnownFileType = text; name = SJBaseVideoPlayer.podspec; path = ../SJBaseVideoPlayer.podspec; sourceTree = "<group>"; xcLanguageSpecificationIdentifier = xcode.lang.ruby; };
		77826C17203FAB8B009D5F2C /* README.md */ = {isa = PBXFileReference; fileEncoding = 4; lastKnownFileType = net.daringfireball.markdown; name = README.md; path = ../README.md; sourceTree = "<group>"; };
		77A41FAA23BB7914000B3A48 /* UIViewController+SJRotationControlExtended.m */ = {isa = PBXFileReference; fileEncoding = 4; lastKnownFileType = sourcecode.c.objc; path = "UIViewController+SJRotationControlExtended.m"; sourceTree = "<group>"; };
		77A41FAB23BB7914000B3A48 /* UIViewController+SJRotationControlExtended.h */ = {isa = PBXFileReference; fileEncoding = 4; lastKnownFileType = sourcecode.c.h; path = "UIViewController+SJRotationControlExtended.h"; sourceTree = "<group>"; };
		77DE8360EA219A9C5A02BA5F /* Pods-Project.debug.xcconfig */ = {isa = PBXFileReference; includeInIndex = 1; lastKnownFileType = text.xcconfig; name = "Pods-Project.debug.xcconfig"; path = "Pods/Target Support Files/Pods-Project/Pods-Project.debug.xcconfig"; sourceTree = "<group>"; };
/* End PBXFileReference section */

/* Begin PBXFrameworksBuildPhase section */
		77826BD3203E7427009D5F2C /* Frameworks */ = {
			isa = PBXFrameworksBuildPhase;
			buildActionMask = 2147483647;
			files = (
				C72090F66CE012968A1699AF /* libPods-Project.a in Frameworks */,
			);
			runOnlyForDeploymentPostprocessing = 0;
		};
/* End PBXFrameworksBuildPhase section */

/* Begin PBXGroup section */
		77826BCD203E7427009D5F2C = {
			isa = PBXGroup;
			children = (
				77826C0F203E74AC009D5F2C /* Podfile */,
				77826C17203FAB8B009D5F2C /* README.md */,
				77826C15203E84E8009D5F2C /* SJBaseVideoPlayer.podspec */,
				77826BD8203E7427009D5F2C /* Project */,
				77826BD7203E7427009D5F2C /* Products */,
				FFBBA4CDD7038BE2A325A590 /* Pods */,
				D032E6A2ED349265007434F2 /* Frameworks */,
			);
			sourceTree = "<group>";
		};
		77826BD7203E7427009D5F2C /* Products */ = {
			isa = PBXGroup;
			children = (
				77826BD6203E7427009D5F2C /* Project.app */,
			);
			name = Products;
			sourceTree = "<group>";
		};
		77826BD8203E7427009D5F2C /* Project */ = {
			isa = PBXGroup;
			children = (
				77826BD9203E7427009D5F2C /* AppDelegate.h */,
				77826BDA203E7427009D5F2C /* AppDelegate.m */,
				77826BDC203E7427009D5F2C /* ViewController.h */,
				77826BDD203E7427009D5F2C /* ViewController.m */,
				77A41FAB23BB7914000B3A48 /* UIViewController+SJRotationControlExtended.h */,
				77A41FAA23BB7914000B3A48 /* UIViewController+SJRotationControlExtended.m */,
				77826BDF203E7427009D5F2C /* Main.storyboard */,
				77826BE2203E7427009D5F2C /* Assets.xcassets */,
				77826BE4203E7427009D5F2C /* LaunchScreen.storyboard */,
				77826BE7203E7427009D5F2C /* Info.plist */,
				77826BE8203E7427009D5F2C /* main.m */,
			);
			path = Project;
			sourceTree = "<group>";
		};
		D032E6A2ED349265007434F2 /* Frameworks */ = {
			isa = PBXGroup;
			children = (
				3783465EF81E7A5838D5F3FF /* libPods-Project.a */,
			);
			name = Frameworks;
			sourceTree = "<group>";
		};
		FFBBA4CDD7038BE2A325A590 /* Pods */ = {
			isa = PBXGroup;
			children = (
				77DE8360EA219A9C5A02BA5F /* Pods-Project.debug.xcconfig */,
				04C647CC6AA139DA4312FCCE /* Pods-Project.release.xcconfig */,
			);
			name = Pods;
			sourceTree = "<group>";
		};
/* End PBXGroup section */

/* Begin PBXNativeTarget section */
		77826BD5203E7427009D5F2C /* Project */ = {
			isa = PBXNativeTarget;
			buildConfigurationList = 77826BEC203E7427009D5F2C /* Build configuration list for PBXNativeTarget "Project" */;
			buildPhases = (
				32F55A8A952EC7901DF21A07 /* [CP] Check Pods Manifest.lock */,
				77826BD2203E7427009D5F2C /* Sources */,
				77826BD3203E7427009D5F2C /* Frameworks */,
				77826BD4203E7427009D5F2C /* Resources */,
				38E43EBEAB2643419A96A4AB /* [CP] Copy Pods Resources */,
			);
			buildRules = (
			);
			dependencies = (
			);
			name = Project;
			productName = Project;
			productReference = 77826BD6203E7427009D5F2C /* Project.app */;
			productType = "com.apple.product-type.application";
		};
/* End PBXNativeTarget section */

/* Begin PBXProject section */
		77826BCE203E7427009D5F2C /* Project object */ = {
			isa = PBXProject;
			attributes = {
				LastUpgradeCheck = 0940;
				ORGANIZATIONNAME = SanJiang;
				TargetAttributes = {
					77826BD5203E7427009D5F2C = {
						CreatedOnToolsVersion = 9.2;
						ProvisioningStyle = Automatic;
						SystemCapabilities = {
							com.apple.BackgroundModes = {
								enabled = 1;
							};
						};
					};
				};
			};
			buildConfigurationList = 77826BD1203E7427009D5F2C /* Build configuration list for PBXProject "Project" */;
			compatibilityVersion = "Xcode 8.0";
			developmentRegion = en;
			hasScannedForEncodings = 0;
			knownRegions = (
				en,
				Base,
			);
			mainGroup = 77826BCD203E7427009D5F2C;
			productRefGroup = 77826BD7203E7427009D5F2C /* Products */;
			projectDirPath = "";
			projectRoot = "";
			targets = (
				77826BD5203E7427009D5F2C /* Project */,
			);
		};
/* End PBXProject section */

/* Begin PBXResourcesBuildPhase section */
		77826BD4203E7427009D5F2C /* Resources */ = {
			isa = PBXResourcesBuildPhase;
			buildActionMask = 2147483647;
			files = (
				77826BE6203E7427009D5F2C /* LaunchScreen.storyboard in Resources */,
				77826C16203E84E8009D5F2C /* SJBaseVideoPlayer.podspec in Resources */,
				77826BE3203E7427009D5F2C /* Assets.xcassets in Resources */,
				77826C10203E74AC009D5F2C /* Podfile in Resources */,
				77826BE1203E7427009D5F2C /* Main.storyboard in Resources */,
				77826C18203FAB8B009D5F2C /* README.md in Resources */,
			);
			runOnlyForDeploymentPostprocessing = 0;
		};
/* End PBXResourcesBuildPhase section */

/* Begin PBXShellScriptBuildPhase section */
		32F55A8A952EC7901DF21A07 /* [CP] Check Pods Manifest.lock */ = {
			isa = PBXShellScriptBuildPhase;
			buildActionMask = 2147483647;
			files = (
			);
			inputPaths = (
				"${PODS_PODFILE_DIR_PATH}/Podfile.lock",
				"${PODS_ROOT}/Manifest.lock",
			);
			name = "[CP] Check Pods Manifest.lock";
			outputPaths = (
				"$(DERIVED_FILE_DIR)/Pods-Project-checkManifestLockResult.txt",
			);
			runOnlyForDeploymentPostprocessing = 0;
			shellPath = /bin/sh;
			shellScript = "diff \"${PODS_PODFILE_DIR_PATH}/Podfile.lock\" \"${PODS_ROOT}/Manifest.lock\" > /dev/null\nif [ $? != 0 ] ; then\n    # print error to STDERR\n    echo \"error: The sandbox is not in sync with the Podfile.lock. Run 'pod install' or update your CocoaPods installation.\" >&2\n    exit 1\nfi\n# This output is used by Xcode 'outputs' to avoid re-running this script phase.\necho \"SUCCESS\" > \"${SCRIPT_OUTPUT_FILE_0}\"\n";
			showEnvVarsInLog = 0;
		};
		38E43EBEAB2643419A96A4AB /* [CP] Copy Pods Resources */ = {
			isa = PBXShellScriptBuildPhase;
			buildActionMask = 2147483647;
			files = (
			);
			inputPaths = (
				"${PODS_ROOT}/Target Support Files/Pods-Project/Pods-Project-resources.sh",
				"${PODS_ROOT}/../../SJBaseVideoPlayer/ResourceLoader/SJBaseVideoPlayerResources.bundle",
			);
			name = "[CP] Copy Pods Resources";
			outputPaths = (
				"${TARGET_BUILD_DIR}/${UNLOCALIZED_RESOURCES_FOLDER_PATH}/SJBaseVideoPlayerResources.bundle",
			);
			runOnlyForDeploymentPostprocessing = 0;
			shellPath = /bin/sh;
			shellScript = "\"${PODS_ROOT}/Target Support Files/Pods-Project/Pods-Project-resources.sh\"\n";
			showEnvVarsInLog = 0;
		};
/* End PBXShellScriptBuildPhase section */

/* Begin PBXSourcesBuildPhase section */
		77826BD2203E7427009D5F2C /* Sources */ = {
			isa = PBXSourcesBuildPhase;
			buildActionMask = 2147483647;
			files = (
				77826BDE203E7427009D5F2C /* ViewController.m in Sources */,
				77826BE9203E7427009D5F2C /* main.m in Sources */,
				77A41FAC23BB7914000B3A48 /* UIViewController+SJRotationControlExtended.m in Sources */,
				77826BDB203E7427009D5F2C /* AppDelegate.m in Sources */,
			);
			runOnlyForDeploymentPostprocessing = 0;
		};
/* End PBXSourcesBuildPhase section */

/* Begin PBXVariantGroup section */
		77826BDF203E7427009D5F2C /* Main.storyboard */ = {
			isa = PBXVariantGroup;
			children = (
				77826BE0203E7427009D5F2C /* Base */,
			);
			name = Main.storyboard;
			sourceTree = "<group>";
		};
		77826BE4203E7427009D5F2C /* LaunchScreen.storyboard */ = {
			isa = PBXVariantGroup;
			children = (
				77826BE5203E7427009D5F2C /* Base */,
			);
			name = LaunchScreen.storyboard;
			sourceTree = "<group>";
		};
/* End PBXVariantGroup section */

/* Begin XCBuildConfiguration section */
		77826BEA203E7427009D5F2C /* Debug */ = {
			isa = XCBuildConfiguration;
			buildSettings = {
				ALWAYS_SEARCH_USER_PATHS = NO;
				CLANG_ANALYZER_NONNULL = YES;
				CLANG_ANALYZER_NUMBER_OBJECT_CONVERSION = YES_AGGRESSIVE;
				CLANG_CXX_LANGUAGE_STANDARD = "gnu++14";
				CLANG_CXX_LIBRARY = "libc++";
				CLANG_ENABLE_MODULES = YES;
				CLANG_ENABLE_OBJC_ARC = YES;
				CLANG_WARN_BLOCK_CAPTURE_AUTORELEASING = YES;
				CLANG_WARN_BOOL_CONVERSION = YES;
				CLANG_WARN_COMMA = YES;
				CLANG_WARN_CONSTANT_CONVERSION = YES;
				CLANG_WARN_DEPRECATED_OBJC_IMPLEMENTATIONS = YES;
				CLANG_WARN_DIRECT_OBJC_ISA_USAGE = YES_ERROR;
				CLANG_WARN_DOCUMENTATION_COMMENTS = YES;
				CLANG_WARN_EMPTY_BODY = YES;
				CLANG_WARN_ENUM_CONVERSION = YES;
				CLANG_WARN_INFINITE_RECURSION = YES;
				CLANG_WARN_INT_CONVERSION = YES;
				CLANG_WARN_NON_LITERAL_NULL_CONVERSION = YES;
				CLANG_WARN_OBJC_IMPLICIT_RETAIN_SELF = YES;
				CLANG_WARN_OBJC_LITERAL_CONVERSION = YES;
				CLANG_WARN_OBJC_ROOT_CLASS = YES_ERROR;
				CLANG_WARN_RANGE_LOOP_ANALYSIS = YES;
				CLANG_WARN_STRICT_PROTOTYPES = YES;
				CLANG_WARN_SUSPICIOUS_MOVE = YES;
				CLANG_WARN_UNGUARDED_AVAILABILITY = YES_AGGRESSIVE;
				CLANG_WARN_UNREACHABLE_CODE = YES;
				CLANG_WARN__DUPLICATE_METHOD_MATCH = YES;
				CODE_SIGN_IDENTITY = "iPhone Developer";
				COPY_PHASE_STRIP = NO;
				DEBUG_INFORMATION_FORMAT = dwarf;
				ENABLE_STRICT_OBJC_MSGSEND = YES;
				ENABLE_TESTABILITY = YES;
				GCC_C_LANGUAGE_STANDARD = gnu11;
				GCC_DYNAMIC_NO_PIC = NO;
				GCC_NO_COMMON_BLOCKS = YES;
				GCC_OPTIMIZATION_LEVEL = 0;
				GCC_PREPROCESSOR_DEFINITIONS = (
					"DEBUG=1",
					"$(inherited)",
				);
				GCC_WARN_64_TO_32_BIT_CONVERSION = YES;
				GCC_WARN_ABOUT_RETURN_TYPE = YES_ERROR;
				GCC_WARN_UNDECLARED_SELECTOR = YES;
				GCC_WARN_UNINITIALIZED_AUTOS = YES_AGGRESSIVE;
				GCC_WARN_UNUSED_FUNCTION = YES;
				GCC_WARN_UNUSED_VARIABLE = YES;
				IPHONEOS_DEPLOYMENT_TARGET = 11.2;
				MTL_ENABLE_DEBUG_INFO = YES;
				ONLY_ACTIVE_ARCH = YES;
				SDKROOT = iphoneos;
			};
			name = Debug;
		};
		77826BEB203E7427009D5F2C /* Release */ = {
			isa = XCBuildConfiguration;
			buildSettings = {
				ALWAYS_SEARCH_USER_PATHS = NO;
				CLANG_ANALYZER_NONNULL = YES;
				CLANG_ANALYZER_NUMBER_OBJECT_CONVERSION = YES_AGGRESSIVE;
				CLANG_CXX_LANGUAGE_STANDARD = "gnu++14";
				CLANG_CXX_LIBRARY = "libc++";
				CLANG_ENABLE_MODULES = YES;
				CLANG_ENABLE_OBJC_ARC = YES;
				CLANG_WARN_BLOCK_CAPTURE_AUTORELEASING = YES;
				CLANG_WARN_BOOL_CONVERSION = YES;
				CLANG_WARN_COMMA = YES;
				CLANG_WARN_CONSTANT_CONVERSION = YES;
				CLANG_WARN_DEPRECATED_OBJC_IMPLEMENTATIONS = YES;
				CLANG_WARN_DIRECT_OBJC_ISA_USAGE = YES_ERROR;
				CLANG_WARN_DOCUMENTATION_COMMENTS = YES;
				CLANG_WARN_EMPTY_BODY = YES;
				CLANG_WARN_ENUM_CONVERSION = YES;
				CLANG_WARN_INFINITE_RECURSION = YES;
				CLANG_WARN_INT_CONVERSION = YES;
				CLANG_WARN_NON_LITERAL_NULL_CONVERSION = YES;
				CLANG_WARN_OBJC_IMPLICIT_RETAIN_SELF = YES;
				CLANG_WARN_OBJC_LITERAL_CONVERSION = YES;
				CLANG_WARN_OBJC_ROOT_CLASS = YES_ERROR;
				CLANG_WARN_RANGE_LOOP_ANALYSIS = YES;
				CLANG_WARN_STRICT_PROTOTYPES = YES;
				CLANG_WARN_SUSPICIOUS_MOVE = YES;
				CLANG_WARN_UNGUARDED_AVAILABILITY = YES_AGGRESSIVE;
				CLANG_WARN_UNREACHABLE_CODE = YES;
				CLANG_WARN__DUPLICATE_METHOD_MATCH = YES;
				CODE_SIGN_IDENTITY = "iPhone Developer";
				COPY_PHASE_STRIP = NO;
				DEBUG_INFORMATION_FORMAT = "dwarf-with-dsym";
				ENABLE_NS_ASSERTIONS = NO;
				ENABLE_STRICT_OBJC_MSGSEND = YES;
				GCC_C_LANGUAGE_STANDARD = gnu11;
				GCC_NO_COMMON_BLOCKS = YES;
				GCC_WARN_64_TO_32_BIT_CONVERSION = YES;
				GCC_WARN_ABOUT_RETURN_TYPE = YES_ERROR;
				GCC_WARN_UNDECLARED_SELECTOR = YES;
				GCC_WARN_UNINITIALIZED_AUTOS = YES_AGGRESSIVE;
				GCC_WARN_UNUSED_FUNCTION = YES;
				GCC_WARN_UNUSED_VARIABLE = YES;
				IPHONEOS_DEPLOYMENT_TARGET = 11.2;
				MTL_ENABLE_DEBUG_INFO = NO;
				SDKROOT = iphoneos;
				VALIDATE_PRODUCT = YES;
			};
			name = Release;
		};
		77826BED203E7427009D5F2C /* Debug */ = {
			isa = XCBuildConfiguration;
			baseConfigurationReference = 77DE8360EA219A9C5A02BA5F /* Pods-Project.debug.xcconfig */;
			buildSettings = {
				ASSETCATALOG_COMPILER_APPICON_NAME = AppIcon;
				CODE_SIGN_IDENTITY = "iPhone Developer";
				CODE_SIGN_STYLE = Automatic;
				DEVELOPMENT_TEAM = U5A7L7SMNP;
				INFOPLIST_FILE = Project/Info.plist;
				IPHONEOS_DEPLOYMENT_TARGET = 9.0;
				LD_RUNPATH_SEARCH_PATHS = "$(inherited) @executable_path/Frameworks";
				PRODUCT_BUNDLE_IDENTIFIER = com.SanJiang.Project;
				PRODUCT_NAME = "$(TARGET_NAME)";
				PROVISIONING_PROFILE = "";
				PROVISIONING_PROFILE_SPECIFIER = "";
				TARGETED_DEVICE_FAMILY = "1,2";
			};
			name = Debug;
		};
		77826BEE203E7427009D5F2C /* Release */ = {
			isa = XCBuildConfiguration;
			baseConfigurationReference = 04C647CC6AA139DA4312FCCE /* Pods-Project.release.xcconfig */;
			buildSettings = {
				ASSETCATALOG_COMPILER_APPICON_NAME = AppIcon;
				CODE_SIGN_IDENTITY = "iPhone Developer";
				CODE_SIGN_STYLE = Automatic;
				DEVELOPMENT_TEAM = U5A7L7SMNP;
				INFOPLIST_FILE = Project/Info.plist;
				IPHONEOS_DEPLOYMENT_TARGET = 9.0;
				LD_RUNPATH_SEARCH_PATHS = "$(inherited) @executable_path/Frameworks";
				PRODUCT_BUNDLE_IDENTIFIER = com.SanJiang.Project;
				PRODUCT_NAME = "$(TARGET_NAME)";
				PROVISIONING_PROFILE_SPECIFIER = "";
				TARGETED_DEVICE_FAMILY = "1,2";
			};
			name = Release;
		};
/* End XCBuildConfiguration section */

/* Begin XCConfigurationList section */
		77826BD1203E7427009D5F2C /* Build configuration list for PBXProject "Project" */ = {
			isa = XCConfigurationList;
			buildConfigurations = (
				77826BEA203E7427009D5F2C /* Debug */,
				77826BEB203E7427009D5F2C /* Release */,
			);
			defaultConfigurationIsVisible = 0;
			defaultConfigurationName = Release;
		};
		77826BEC203E7427009D5F2C /* Build configuration list for PBXNativeTarget "Project" */ = {
			isa = XCConfigurationList;
			buildConfigurations = (
				77826BED203E7427009D5F2C /* Debug */,
				77826BEE203E7427009D5F2C /* Release */,
			);
			defaultConfigurationIsVisible = 0;
			defaultConfigurationName = Release;
		};
/* End XCConfigurationList section */
	};
	rootObject = 77826BCE203E7427009D5F2C /* Project object */;
}
