// !$*UTF8*$!
{
	archiveVersion = 1;
	classes = {
	};
	objectVersion = 48;
	objects = {

/* Begin PBXBuildFile section */
		77826BDB203E7427009D5F2C /* AppDelegate.m in Sources */ = {isa = PBXBuildFile; fileRef = 77826BDA203E7427009D5F2C /* AppDelegate.m */; };
		77826BDE203E7427009D5F2C /* ViewController.m in Sources */ = {isa = PBXBuildFile; fileRef = 77826BDD203E7427009D5F2C /* ViewController.m */; };
		77826BE1203E7427009D5F2C /* Main.storyboard in Resources */ = {isa = PBXBuildFile; fileRef = 77826BDF203E7427009D5F2C /* Main.storyboard */; };
		77826BE3203E7427009D5F2C /* Assets.xcassets in Resources */ = {isa = PBXBuildFile; fileRef = 77826BE2203E7427009D5F2C /* Assets.xcassets */; };
		77826BE6203E7427009D5F2C /* LaunchScreen.storyboard in Resources */ = {isa = PBXBuildFile; fileRef = 77826BE4203E7427009D5F2C /* LaunchScreen.storyboard */; };
		77826BE9203E7427009D5F2C /* main.m in Sources */ = {isa = PBXBuildFile; fileRef = 77826BE8203E7427009D5F2C /* main.m */; };
		77826C10203E74AC009D5F2C /* Podfile in Resources */ = {isa = PBXBuildFile; fileRef = 77826C0F203E74AC009D5F2C /* Podfile */; };
		77826C12203E75E9009D5F2C /* sample.mp4 in Resources */ = {isa = PBXBuildFile; fileRef = 77826C11203E753E009D5F2C /* sample.mp4 */; };
		77826C14203E7773009D5F2C /* placeholder.png in Resources */ = {isa = PBXBuildFile; fileRef = 77826C13203E7773009D5F2C /* placeholder.png */; };
		77826C16203E84E8009D5F2C /* SJBaseVideoPlayer.podspec in Resources */ = {isa = PBXBuildFile; fileRef = 77826C15203E84E8009D5F2C /* SJBaseVideoPlayer.podspec */; };
		77826C18203FAB8B009D5F2C /* README.md in Resources */ = {isa = PBXBuildFile; fileRef = 77826C17203FAB8B009D5F2C /* README.md */; };
		77EE06922047A20D00EA5A92 /* SJBaseVideoPlayer.png in Resources */ = {isa = PBXBuildFile; fileRef = 77EE06912047A20D00EA5A92 /* SJBaseVideoPlayer.png */; };
		A61B6BE421201A9B0094B5BC /* SJVideoPlayerPresentView.m in Sources */ = {isa = PBXBuildFile; fileRef = A61B6B9821201A9B0094B5BC /* SJVideoPlayerPresentView.m */; };
		A61B6BE521201A9B0094B5BC /* SJPrompt.m in Sources */ = {isa = PBXBuildFile; fileRef = A61B6B9B21201A9B0094B5BC /* SJPrompt.m */; };
		A61B6BE621201A9B0094B5BC /* SJPromptConfig.m in Sources */ = {isa = PBXBuildFile; fileRef = A61B6B9C21201A9B0094B5BC /* SJPromptConfig.m */; };
		A61B6BE721201A9B0094B5BC /* NSTimer+SJAssetAdd.m in Sources */ = {isa = PBXBuildFile; fileRef = A61B6BA221201A9B0094B5BC /* NSTimer+SJAssetAdd.m */; };
		A61B6BE921201A9B0094B5BC /* SJVideoPlayerRegistrar.m in Sources */ = {isa = PBXBuildFile; fileRef = A61B6BA621201A9B0094B5BC /* SJVideoPlayerRegistrar.m */; };
		A61B6BEA21201A9B0094B5BC /* SJBaseVideoPlayer.m in Sources */ = {isa = PBXBuildFile; fileRef = A61B6BA721201A9B0094B5BC /* SJBaseVideoPlayer.m */; };
		A61B6BEB21201A9B0094B5BC /* SJPlayerGestureControl.m in Sources */ = {isa = PBXBuildFile; fileRef = A61B6BAA21201A9B0094B5BC /* SJPlayerGestureControl.m */; };
		A61B6BEC21201A9B0094B5BC /* SJTimerControl.m in Sources */ = {isa = PBXBuildFile; fileRef = A61B6BAE21201A9B0094B5BC /* SJTimerControl.m */; };
		A61B6BED21201A9B0094B5BC /* SJMediaDownloader.m in Sources */ = {isa = PBXBuildFile; fileRef = A61B6BB121201A9B0094B5BC /* SJMediaDownloader.m */; };
		A61B6BEE21201A9B0094B5BC /* SJBorderLineView.m in Sources */ = {isa = PBXBuildFile; fileRef = A61B6BB421201A9B0094B5BC /* SJBorderLineView.m */; };
		A61B6BEF21201A9B0094B5BC /* SJVideoPlayerTipsView.m in Sources */ = {isa = PBXBuildFile; fileRef = A61B6BB621201A9B0094B5BC /* SJVideoPlayerTipsView.m */; };
		A61B6BF021201A9B0094B5BC /* SJVolBrigResource.bundle in Resources */ = {isa = PBXBuildFile; fileRef = A61B6BB821201A9B0094B5BC /* SJVolBrigResource.bundle */; };
		A61B6BF121201A9B0094B5BC /* SJVolBrigResource.m in Sources */ = {isa = PBXBuildFile; fileRef = A61B6BBA21201A9B0094B5BC /* SJVolBrigResource.m */; };
		A61B6BF221201A9B0094B5BC /* SJVolBrigControl.m in Sources */ = {isa = PBXBuildFile; fileRef = A61B6BBB21201A9B0094B5BC /* SJVolBrigControl.m */; };
		A61B6BF321201A9B0094B5BC /* SJAVMediaPlayAsset.m in Sources */ = {isa = PBXBuildFile; fileRef = A61B6BBF21201A9B0094B5BC /* SJAVMediaPlayAsset.m */; };
		A61B6BF421201A9B0094B5BC /* SJPlayModelPropertiesObserver.m in Sources */ = {isa = PBXBuildFile; fileRef = A61B6BC121201A9B0094B5BC /* SJPlayModelPropertiesObserver.m */; };
		A61B6BF521201A9B0094B5BC /* SJAVMediaPlayAsset+SJAVMediaPlaybackControllerAdd.m in Sources */ = {isa = PBXBuildFile; fileRef = A61B6BC721201A9B0094B5BC /* SJAVMediaPlayAsset+SJAVMediaPlaybackControllerAdd.m */; };
		A61B6BF621201A9B0094B5BC /* SJVideoPlayerURLAsset.m in Sources */ = {isa = PBXBuildFile; fileRef = A61B6BCC21201A9B0094B5BC /* SJVideoPlayerURLAsset.m */; };
		A61B6BF721201A9B0094B5BC /* SJPlayModel.m in Sources */ = {isa = PBXBuildFile; fileRef = A61B6BCD21201A9B0094B5BC /* SJPlayModel.m */; };
		A61B6BF821201A9B0094B5BC /* SJAVMediaPlaybackController.m in Sources */ = {isa = PBXBuildFile; fileRef = A61B6BCF21201A9B0094B5BC /* SJAVMediaPlaybackController.m */; };
		A61B6BF921201A9B0094B5BC /* SJIsAppeared.m in Sources */ = {isa = PBXBuildFile; fileRef = A61B6BD021201A9B0094B5BC /* SJIsAppeared.m */; };
		A61B6BFA21201A9B0094B5BC /* SJPlayerAutoplayConfig.m in Sources */ = {isa = PBXBuildFile; fileRef = A61B6BD121201A9B0094B5BC /* SJPlayerAutoplayConfig.m */; };
		A61B6BFB21201A9B0094B5BC /* UIScrollView+ListViewAutoplaySJAdd.m in Sources */ = {isa = PBXBuildFile; fileRef = A61B6BD221201A9B0094B5BC /* UIScrollView+ListViewAutoplaySJAdd.m */; };
		A61B6BFC21201A9B0094B5BC /* SJBaseVideoPlayer+PlayStatus.m in Sources */ = {isa = PBXBuildFile; fileRef = A61B6BD321201A9B0094B5BC /* SJBaseVideoPlayer+PlayStatus.m */; };
		A61B6BFD21201A9B0094B5BC /* UIViewController+SJExtension.m in Sources */ = {isa = PBXBuildFile; fileRef = A61B6BD521201A9B0094B5BC /* UIViewController+SJExtension.m */; };
		A61B6BFE21201A9B0094B5BC /* UITabBarController+SJExtension.m in Sources */ = {isa = PBXBuildFile; fileRef = A61B6BD621201A9B0094B5BC /* UITabBarController+SJExtension.m */; };
		A61B6BFF21201A9B0094B5BC /* SJRotationManager.m in Sources */ = {isa = PBXBuildFile; fileRef = A61B6BDA21201A9B0094B5BC /* SJRotationManager.m */; };
		A61B6C0021201A9B0094B5BC /* UINavigationController+SJExtension.m in Sources */ = {isa = PBXBuildFile; fileRef = A61B6BDB21201A9B0094B5BC /* UINavigationController+SJExtension.m */; };
		A61B6C0721202C270094B5BC /* UIView+SJVideoPlayerAdd.m in Sources */ = {isa = PBXBuildFile; fileRef = A61B6C0621202C270094B5BC /* UIView+SJVideoPlayerAdd.m */; };
		A61B6C0A21202D300094B5BC /* SJVideoPlayerURLAsset+SJAVMediaPlaybackAdd.m in Sources */ = {isa = PBXBuildFile; fileRef = A61B6C0921202D300094B5BC /* SJVideoPlayerURLAsset+SJAVMediaPlaybackAdd.m */; };
		C72090F66CE012968A1699AF /* libPods-Project.a in Frameworks */ = {isa = PBXBuildFile; fileRef = 3783465EF81E7A5838D5F3FF /* libPods-Project.a */; };
/* End PBXBuildFile section */

/* Begin PBXFileReference section */
		04C647CC6AA139DA4312FCCE /* Pods-Project.release.xcconfig */ = {isa = PBXFileReference; includeInIndex = 1; lastKnownFileType = text.xcconfig; name = "Pods-Project.release.xcconfig"; path = "Pods/Target Support Files/Pods-Project/Pods-Project.release.xcconfig"; sourceTree = "<group>"; };
		3783465EF81E7A5838D5F3FF /* libPods-Project.a */ = {isa = PBXFileReference; explicitFileType = archive.ar; includeInIndex = 0; path = "libPods-Project.a"; sourceTree = BUILT_PRODUCTS_DIR; };
		77826BD6203E7427009D5F2C /* Project.app */ = {isa = PBXFileReference; explicitFileType = wrapper.application; includeInIndex = 0; path = Project.app; sourceTree = BUILT_PRODUCTS_DIR; };
		77826BD9203E7427009D5F2C /* AppDelegate.h */ = {isa = PBXFileReference; lastKnownFileType = sourcecode.c.h; path = AppDelegate.h; sourceTree = "<group>"; };
		77826BDA203E7427009D5F2C /* AppDelegate.m */ = {isa = PBXFileReference; lastKnownFileType = sourcecode.c.objc; path = AppDelegate.m; sourceTree = "<group>"; };
		77826BDC203E7427009D5F2C /* ViewController.h */ = {isa = PBXFileReference; lastKnownFileType = sourcecode.c.h; path = ViewController.h; sourceTree = "<group>"; };
		77826BDD203E7427009D5F2C /* ViewController.m */ = {isa = PBXFileReference; lastKnownFileType = sourcecode.c.objc; path = ViewController.m; sourceTree = "<group>"; };
		77826BE0203E7427009D5F2C /* Base */ = {isa = PBXFileReference; lastKnownFileType = file.storyboard; name = Base; path = Base.lproj/Main.storyboard; sourceTree = "<group>"; };
		77826BE2203E7427009D5F2C /* Assets.xcassets */ = {isa = PBXFileReference; lastKnownFileType = folder.assetcatalog; path = Assets.xcassets; sourceTree = "<group>"; };
		77826BE5203E7427009D5F2C /* Base */ = {isa = PBXFileReference; lastKnownFileType = file.storyboard; name = Base; path = Base.lproj/LaunchScreen.storyboard; sourceTree = "<group>"; };
		77826BE7203E7427009D5F2C /* Info.plist */ = {isa = PBXFileReference; lastKnownFileType = text.plist.xml; path = Info.plist; sourceTree = "<group>"; };
		77826BE8203E7427009D5F2C /* main.m */ = {isa = PBXFileReference; lastKnownFileType = sourcecode.c.objc; path = main.m; sourceTree = "<group>"; };
		77826C0F203E74AC009D5F2C /* Podfile */ = {isa = PBXFileReference; fileEncoding = 4; lastKnownFileType = text; path = Podfile; sourceTree = "<group>"; xcLanguageSpecificationIdentifier = xcode.lang.ruby; };
		77826C11203E753E009D5F2C /* sample.mp4 */ = {isa = PBXFileReference; lastKnownFileType = file; path = sample.mp4; sourceTree = "<group>"; };
		77826C13203E7773009D5F2C /* placeholder.png */ = {isa = PBXFileReference; lastKnownFileType = image.png; path = placeholder.png; sourceTree = "<group>"; };
		77826C15203E84E8009D5F2C /* SJBaseVideoPlayer.podspec */ = {isa = PBXFileReference; fileEncoding = 4; lastKnownFileType = text; name = SJBaseVideoPlayer.podspec; path = ../SJBaseVideoPlayer.podspec; sourceTree = "<group>"; };
		77826C17203FAB8B009D5F2C /* README.md */ = {isa = PBXFileReference; fileEncoding = 4; lastKnownFileType = net.daringfireball.markdown; name = README.md; path = ../README.md; sourceTree = "<group>"; };
		77DE8360EA219A9C5A02BA5F /* Pods-Project.debug.xcconfig */ = {isa = PBXFileReference; includeInIndex = 1; lastKnownFileType = text.xcconfig; name = "Pods-Project.debug.xcconfig"; path = "Pods/Target Support Files/Pods-Project/Pods-Project.debug.xcconfig"; sourceTree = "<group>"; };
		77EE06912047A20D00EA5A92 /* SJBaseVideoPlayer.png */ = {isa = PBXFileReference; lastKnownFileType = image.png; path = SJBaseVideoPlayer.png; sourceTree = "<group>"; };
		A61B6B9721201A9B0094B5BC /* SJVideoPlayerPresentView.h */ = {isa = PBXFileReference; fileEncoding = 4; lastKnownFileType = sourcecode.c.h; path = SJVideoPlayerPresentView.h; sourceTree = "<group>"; };
		A61B6B9821201A9B0094B5BC /* SJVideoPlayerPresentView.m */ = {isa = PBXFileReference; fileEncoding = 4; lastKnownFileType = sourcecode.c.objc; path = SJVideoPlayerPresentView.m; sourceTree = "<group>"; };
		A61B6B9921201A9B0094B5BC /* UIScrollView+ListViewAutoplaySJAdd.h */ = {isa = PBXFileReference; fileEncoding = 4; lastKnownFileType = sourcecode.c.h; path = "UIScrollView+ListViewAutoplaySJAdd.h"; sourceTree = "<group>"; };
		A61B6B9B21201A9B0094B5BC /* SJPrompt.m */ = {isa = PBXFileReference; fileEncoding = 4; lastKnownFileType = sourcecode.c.objc; path = SJPrompt.m; sourceTree = "<group>"; };
		A61B6B9C21201A9B0094B5BC /* SJPromptConfig.m */ = {isa = PBXFileReference; fileEncoding = 4; lastKnownFileType = sourcecode.c.objc; path = SJPromptConfig.m; sourceTree = "<group>"; };
		A61B6B9D21201A9B0094B5BC /* SJPrompt.h */ = {isa = PBXFileReference; fileEncoding = 4; lastKnownFileType = sourcecode.c.h; path = SJPrompt.h; sourceTree = "<group>"; };
		A61B6B9E21201A9B0094B5BC /* SJPromptConfig.h */ = {isa = PBXFileReference; fileEncoding = 4; lastKnownFileType = sourcecode.c.h; path = SJPromptConfig.h; sourceTree = "<group>"; };
		A61B6BA121201A9B0094B5BC /* NSTimer+SJAssetAdd.h */ = {isa = PBXFileReference; fileEncoding = 4; lastKnownFileType = sourcecode.c.h; path = "NSTimer+SJAssetAdd.h"; sourceTree = "<group>"; };
		A61B6BA221201A9B0094B5BC /* NSTimer+SJAssetAdd.m */ = {isa = PBXFileReference; fileEncoding = 4; lastKnownFileType = sourcecode.c.objc; path = "NSTimer+SJAssetAdd.m"; sourceTree = "<group>"; };
		A61B6BA521201A9B0094B5BC /* SJVideoPlayerRegistrar.h */ = {isa = PBXFileReference; fileEncoding = 4; lastKnownFileType = sourcecode.c.h; path = SJVideoPlayerRegistrar.h; sourceTree = "<group>"; };
		A61B6BA621201A9B0094B5BC /* SJVideoPlayerRegistrar.m */ = {isa = PBXFileReference; fileEncoding = 4; lastKnownFileType = sourcecode.c.objc; path = SJVideoPlayerRegistrar.m; sourceTree = "<group>"; };
		A61B6BA721201A9B0094B5BC /* SJBaseVideoPlayer.m */ = {isa = PBXFileReference; fileEncoding = 4; lastKnownFileType = sourcecode.c.objc; path = SJBaseVideoPlayer.m; sourceTree = "<group>"; };
		A61B6BA821201A9B0094B5BC /* SJBaseVideoPlayer+PlayStatus.h */ = {isa = PBXFileReference; fileEncoding = 4; lastKnownFileType = sourcecode.c.h; path = "SJBaseVideoPlayer+PlayStatus.h"; sourceTree = "<group>"; };
		A61B6BAA21201A9B0094B5BC /* SJPlayerGestureControl.m */ = {isa = PBXFileReference; fileEncoding = 4; lastKnownFileType = sourcecode.c.objc; path = SJPlayerGestureControl.m; sourceTree = "<group>"; };
		A61B6BAB21201A9B0094B5BC /* SJPlayerGestureControl.h */ = {isa = PBXFileReference; fileEncoding = 4; lastKnownFileType = sourcecode.c.h; path = SJPlayerGestureControl.h; sourceTree = "<group>"; };
		A61B6BAD21201A9B0094B5BC /* SJTimerControl.h */ = {isa = PBXFileReference; fileEncoding = 4; lastKnownFileType = sourcecode.c.h; path = SJTimerControl.h; sourceTree = "<group>"; };
		A61B6BAE21201A9B0094B5BC /* SJTimerControl.m */ = {isa = PBXFileReference; fileEncoding = 4; lastKnownFileType = sourcecode.c.objc; path = SJTimerControl.m; sourceTree = "<group>"; };
		A61B6BB021201A9B0094B5BC /* SJMediaDownloader.h */ = {isa = PBXFileReference; fileEncoding = 4; lastKnownFileType = sourcecode.c.h; path = SJMediaDownloader.h; sourceTree = "<group>"; };
		A61B6BB121201A9B0094B5BC /* SJMediaDownloader.m */ = {isa = PBXFileReference; fileEncoding = 4; lastKnownFileType = sourcecode.c.objc; path = SJMediaDownloader.m; sourceTree = "<group>"; };
		A61B6BB321201A9B0094B5BC /* SJVideoPlayerTipsView.h */ = {isa = PBXFileReference; fileEncoding = 4; lastKnownFileType = sourcecode.c.h; path = SJVideoPlayerTipsView.h; sourceTree = "<group>"; };
		A61B6BB421201A9B0094B5BC /* SJBorderLineView.m */ = {isa = PBXFileReference; fileEncoding = 4; lastKnownFileType = sourcecode.c.objc; path = SJBorderLineView.m; sourceTree = "<group>"; };
		A61B6BB521201A9B0094B5BC /* SJVolBrigControl.h */ = {isa = PBXFileReference; fileEncoding = 4; lastKnownFileType = sourcecode.c.h; path = SJVolBrigControl.h; sourceTree = "<group>"; };
		A61B6BB621201A9B0094B5BC /* SJVideoPlayerTipsView.m */ = {isa = PBXFileReference; fileEncoding = 4; lastKnownFileType = sourcecode.c.objc; path = SJVideoPlayerTipsView.m; sourceTree = "<group>"; };
		A61B6BB821201A9B0094B5BC /* SJVolBrigResource.bundle */ = {isa = PBXFileReference; lastKnownFileType = "wrapper.plug-in"; path = SJVolBrigResource.bundle; sourceTree = "<group>"; };
		A61B6BB921201A9B0094B5BC /* SJVolBrigResource.h */ = {isa = PBXFileReference; fileEncoding = 4; lastKnownFileType = sourcecode.c.h; path = SJVolBrigResource.h; sourceTree = "<group>"; };
		A61B6BBA21201A9B0094B5BC /* SJVolBrigResource.m */ = {isa = PBXFileReference; fileEncoding = 4; lastKnownFileType = sourcecode.c.objc; path = SJVolBrigResource.m; sourceTree = "<group>"; };
		A61B6BBB21201A9B0094B5BC /* SJVolBrigControl.m */ = {isa = PBXFileReference; fileEncoding = 4; lastKnownFileType = sourcecode.c.objc; path = SJVolBrigControl.m; sourceTree = "<group>"; };
		A61B6BBC21201A9B0094B5BC /* SJBorderLineView.h */ = {isa = PBXFileReference; fileEncoding = 4; lastKnownFileType = sourcecode.c.h; path = SJBorderLineView.h; sourceTree = "<group>"; };
		A61B6BBE21201A9B0094B5BC /* SJAVMediaPlayAsset+SJAVMediaPlaybackControllerAdd.h */ = {isa = PBXFileReference; fileEncoding = 4; lastKnownFileType = sourcecode.c.h; path = "SJAVMediaPlayAsset+SJAVMediaPlaybackControllerAdd.h"; sourceTree = "<group>"; };
		A61B6BBF21201A9B0094B5BC /* SJAVMediaPlayAsset.m */ = {isa = PBXFileReference; fileEncoding = 4; lastKnownFileType = sourcecode.c.objc; path = SJAVMediaPlayAsset.m; sourceTree = "<group>"; };
		A61B6BC021201A9B0094B5BC /* SJVideoPlayerURLAsset.h */ = {isa = PBXFileReference; fileEncoding = 4; lastKnownFileType = sourcecode.c.h; path = SJVideoPlayerURLAsset.h; sourceTree = "<group>"; };
		A61B6BC121201A9B0094B5BC /* SJPlayModelPropertiesObserver.m */ = {isa = PBXFileReference; fileEncoding = 4; lastKnownFileType = sourcecode.c.objc; path = SJPlayModelPropertiesObserver.m; sourceTree = "<group>"; };
		A61B6BC221201A9B0094B5BC /* SJPlayModel.h */ = {isa = PBXFileReference; fileEncoding = 4; lastKnownFileType = sourcecode.c.h; path = SJPlayModel.h; sourceTree = "<group>"; };
		A61B6BC321201A9B0094B5BC /* SJPlayerAutoplayConfig.h */ = {isa = PBXFileReference; fileEncoding = 4; lastKnownFileType = sourcecode.c.h; path = SJPlayerAutoplayConfig.h; sourceTree = "<group>"; };
		A61B6BC421201A9B0094B5BC /* SJIsAppeared.h */ = {isa = PBXFileReference; fileEncoding = 4; lastKnownFileType = sourcecode.c.h; path = SJIsAppeared.h; sourceTree = "<group>"; };
		A61B6BC521201A9B0094B5BC /* SJAVMediaPlaybackController.h */ = {isa = PBXFileReference; fileEncoding = 4; lastKnownFileType = sourcecode.c.h; path = SJAVMediaPlaybackController.h; sourceTree = "<group>"; };
		A61B6BC621201A9B0094B5BC /* SJAVMediaPlayAssetProtocol.h */ = {isa = PBXFileReference; fileEncoding = 4; lastKnownFileType = sourcecode.c.h; path = SJAVMediaPlayAssetProtocol.h; sourceTree = "<group>"; };
		A61B6BC721201A9B0094B5BC /* SJAVMediaPlayAsset+SJAVMediaPlaybackControllerAdd.m */ = {isa = PBXFileReference; fileEncoding = 4; lastKnownFileType = sourcecode.c.objc; path = "SJAVMediaPlayAsset+SJAVMediaPlaybackControllerAdd.m"; sourceTree = "<group>"; };
		A61B6BC821201A9B0094B5BC /* SJAVMediaPlayAsset.h */ = {isa = PBXFileReference; fileEncoding = 4; lastKnownFileType = sourcecode.c.h; path = SJAVMediaPlayAsset.h; sourceTree = "<group>"; };
		A61B6BC921201A9B0094B5BC /* SJAVMediaModelProtocol.h */ = {isa = PBXFileReference; fileEncoding = 4; lastKnownFileType = sourcecode.c.h; path = SJAVMediaModelProtocol.h; sourceTree = "<group>"; };
		A61B6BCA21201A9B0094B5BC /* SJPlayerBufferStatus.h */ = {isa = PBXFileReference; fileEncoding = 4; lastKnownFileType = sourcecode.c.h; path = SJPlayerBufferStatus.h; sourceTree = "<group>"; };
		A61B6BCB21201A9B0094B5BC /* SJPlayModelPropertiesObserver.h */ = {isa = PBXFileReference; fileEncoding = 4; lastKnownFileType = sourcecode.c.h; path = SJPlayModelPropertiesObserver.h; sourceTree = "<group>"; };
		A61B6BCC21201A9B0094B5BC /* SJVideoPlayerURLAsset.m */ = {isa = PBXFileReference; fileEncoding = 4; lastKnownFileType = sourcecode.c.objc; path = SJVideoPlayerURLAsset.m; sourceTree = "<group>"; };
		A61B6BCD21201A9B0094B5BC /* SJPlayModel.m */ = {isa = PBXFileReference; fileEncoding = 4; lastKnownFileType = sourcecode.c.objc; path = SJPlayModel.m; sourceTree = "<group>"; };
		A61B6BCE21201A9B0094B5BC /* SJMediaPlaybackProtocol.h */ = {isa = PBXFileReference; fileEncoding = 4; lastKnownFileType = sourcecode.c.h; path = SJMediaPlaybackProtocol.h; sourceTree = "<group>"; };
		A61B6BCF21201A9B0094B5BC /* SJAVMediaPlaybackController.m */ = {isa = PBXFileReference; fileEncoding = 4; lastKnownFileType = sourcecode.c.objc; path = SJAVMediaPlaybackController.m; sourceTree = "<group>"; };
		A61B6BD021201A9B0094B5BC /* SJIsAppeared.m */ = {isa = PBXFileReference; fileEncoding = 4; lastKnownFileType = sourcecode.c.objc; path = SJIsAppeared.m; sourceTree = "<group>"; };
		A61B6BD121201A9B0094B5BC /* SJPlayerAutoplayConfig.m */ = {isa = PBXFileReference; fileEncoding = 4; lastKnownFileType = sourcecode.c.objc; path = SJPlayerAutoplayConfig.m; sourceTree = "<group>"; };
		A61B6BD221201A9B0094B5BC /* UIScrollView+ListViewAutoplaySJAdd.m */ = {isa = PBXFileReference; fileEncoding = 4; lastKnownFileType = sourcecode.c.objc; path = "UIScrollView+ListViewAutoplaySJAdd.m"; sourceTree = "<group>"; };
		A61B6BD321201A9B0094B5BC /* SJBaseVideoPlayer+PlayStatus.m */ = {isa = PBXFileReference; fileEncoding = 4; lastKnownFileType = sourcecode.c.objc; path = "SJBaseVideoPlayer+PlayStatus.m"; sourceTree = "<group>"; };
		A61B6BD521201A9B0094B5BC /* UIViewController+SJExtension.m */ = {isa = PBXFileReference; fileEncoding = 4; lastKnownFileType = sourcecode.c.objc; path = "UIViewController+SJExtension.m"; sourceTree = "<group>"; };
		A61B6BD621201A9B0094B5BC /* UITabBarController+SJExtension.m */ = {isa = PBXFileReference; fileEncoding = 4; lastKnownFileType = sourcecode.c.objc; path = "UITabBarController+SJExtension.m"; sourceTree = "<group>"; };
		A61B6BD721201A9B0094B5BC /* UINavigationController+SJExtension.h */ = {isa = PBXFileReference; fileEncoding = 4; lastKnownFileType = sourcecode.c.h; path = "UINavigationController+SJExtension.h"; sourceTree = "<group>"; };
		A61B6BD821201A9B0094B5BC /* SJRotationManager.h */ = {isa = PBXFileReference; fileEncoding = 4; lastKnownFileType = sourcecode.c.h; path = SJRotationManager.h; sourceTree = "<group>"; };
		A61B6BD921201A9B0094B5BC /* UIViewController+SJExtension.h */ = {isa = PBXFileReference; fileEncoding = 4; lastKnownFileType = sourcecode.c.h; path = "UIViewController+SJExtension.h"; sourceTree = "<group>"; };
		A61B6BDA21201A9B0094B5BC /* SJRotationManager.m */ = {isa = PBXFileReference; fileEncoding = 4; lastKnownFileType = sourcecode.c.objc; path = SJRotationManager.m; sourceTree = "<group>"; };
		A61B6BDB21201A9B0094B5BC /* UINavigationController+SJExtension.m */ = {isa = PBXFileReference; fileEncoding = 4; lastKnownFileType = sourcecode.c.objc; path = "UINavigationController+SJExtension.m"; sourceTree = "<group>"; };
		A61B6BDC21201A9B0094B5BC /* UITabBarController+SJExtension.h */ = {isa = PBXFileReference; fileEncoding = 4; lastKnownFileType = sourcecode.c.h; path = "UITabBarController+SJExtension.h"; sourceTree = "<group>"; };
		A61B6BDD21201A9B0094B5BC /* SJBaseVideoPlayer.h */ = {isa = PBXFileReference; fileEncoding = 4; lastKnownFileType = sourcecode.c.h; path = SJBaseVideoPlayer.h; sourceTree = "<group>"; };
		A61B6BDF21201A9B0094B5BC /* SJVideoPlayerState.h */ = {isa = PBXFileReference; fileEncoding = 4; lastKnownFileType = sourcecode.c.h; path = SJVideoPlayerState.h; sourceTree = "<group>"; };
		A61B6BE121201A9B0094B5BC /* SJVideoPlayerControlLayerProtocol.h */ = {isa = PBXFileReference; fileEncoding = 4; lastKnownFileType = sourcecode.c.h; path = SJVideoPlayerControlLayerProtocol.h; sourceTree = "<group>"; };
		A61B6BE221201A9B0094B5BC /* SJVideoPlayerPreviewInfo.h */ = {isa = PBXFileReference; fileEncoding = 4; lastKnownFileType = sourcecode.c.h; path = SJVideoPlayerPreviewInfo.h; sourceTree = "<group>"; };
		A61B6BE321201A9B0094B5BC /* SJNetworkStatus.h */ = {isa = PBXFileReference; fileEncoding = 4; lastKnownFileType = sourcecode.c.h; path = SJNetworkStatus.h; sourceTree = "<group>"; };
		A61B6C0521202C220094B5BC /* UIView+SJVideoPlayerAdd.h */ = {isa = PBXFileReference; lastKnownFileType = sourcecode.c.h; path = "UIView+SJVideoPlayerAdd.h"; sourceTree = "<group>"; };
		A61B6C0621202C270094B5BC /* UIView+SJVideoPlayerAdd.m */ = {isa = PBXFileReference; fileEncoding = 4; lastKnownFileType = sourcecode.c.objc; path = "UIView+SJVideoPlayerAdd.m"; sourceTree = "<group>"; };
		A61B6C0821202D300094B5BC /* SJVideoPlayerURLAsset+SJAVMediaPlaybackAdd.h */ = {isa = PBXFileReference; lastKnownFileType = sourcecode.c.h; path = "SJVideoPlayerURLAsset+SJAVMediaPlaybackAdd.h"; sourceTree = "<group>"; };
		A61B6C0921202D300094B5BC /* SJVideoPlayerURLAsset+SJAVMediaPlaybackAdd.m */ = {isa = PBXFileReference; lastKnownFileType = sourcecode.c.objc; path = "SJVideoPlayerURLAsset+SJAVMediaPlaybackAdd.m"; sourceTree = "<group>"; };
/* End PBXFileReference section */

/* Begin PBXFrameworksBuildPhase section */
		77826BD3203E7427009D5F2C /* Frameworks */ = {
			isa = PBXFrameworksBuildPhase;
			buildActionMask = 2147483647;
			files = (
				C72090F66CE012968A1699AF /* libPods-Project.a in Frameworks */,
			);
			runOnlyForDeploymentPostprocessing = 0;
		};
/* End PBXFrameworksBuildPhase section */

/* Begin PBXGroup section */
		77826BCD203E7427009D5F2C = {
			isa = PBXGroup;
			children = (
				77826C0F203E74AC009D5F2C /* Podfile */,
				77826C17203FAB8B009D5F2C /* README.md */,
				77826C15203E84E8009D5F2C /* SJBaseVideoPlayer.podspec */,
				77EE06912047A20D00EA5A92 /* SJBaseVideoPlayer.png */,
				77826BD8203E7427009D5F2C /* Project */,
				77826BD7203E7427009D5F2C /* Products */,
				FFBBA4CDD7038BE2A325A590 /* Pods */,
				D032E6A2ED349265007434F2 /* Frameworks */,
			);
			sourceTree = "<group>";
		};
		77826BD7203E7427009D5F2C /* Products */ = {
			isa = PBXGroup;
			children = (
				77826BD6203E7427009D5F2C /* Project.app */,
			);
			name = Products;
			sourceTree = "<group>";
		};
		77826BD8203E7427009D5F2C /* Project */ = {
			isa = PBXGroup;
			children = (
				77826BD9203E7427009D5F2C /* AppDelegate.h */,
				77826BDA203E7427009D5F2C /* AppDelegate.m */,
				77826BDC203E7427009D5F2C /* ViewController.h */,
				77826BDD203E7427009D5F2C /* ViewController.m */,
				A61B6B9521201A9B0094B5BC /* SJBaseVideoPlayer */,
				77826BDF203E7427009D5F2C /* Main.storyboard */,
				77826C13203E7773009D5F2C /* placeholder.png */,
				77826BE2203E7427009D5F2C /* Assets.xcassets */,
				77826C11203E753E009D5F2C /* sample.mp4 */,
				77826BE4203E7427009D5F2C /* LaunchScreen.storyboard */,
				77826BE7203E7427009D5F2C /* Info.plist */,
				77826BE8203E7427009D5F2C /* main.m */,
			);
			path = Project;
			sourceTree = "<group>";
		};
		A61B6B9521201A9B0094B5BC /* SJBaseVideoPlayer */ = {
			isa = PBXGroup;
			children = (
				A61B6BDD21201A9B0094B5BC /* SJBaseVideoPlayer.h */,
				A61B6BA721201A9B0094B5BC /* SJBaseVideoPlayer.m */,
				A61B6BA821201A9B0094B5BC /* SJBaseVideoPlayer+PlayStatus.h */,
				A61B6BD321201A9B0094B5BC /* SJBaseVideoPlayer+PlayStatus.m */,
				A61B6B9921201A9B0094B5BC /* UIScrollView+ListViewAutoplaySJAdd.h */,
				A61B6BD221201A9B0094B5BC /* UIScrollView+ListViewAutoplaySJAdd.m */,
				A61B6BDE21201A9B0094B5BC /* Header */,
				A61B6BBD21201A9B0094B5BC /* Model */,
				A61B6C0221201AE50094B5BC /* SJAVMediaPlaybackController */,
				A61B6B9A21201A9B0094B5BC /* SJPrompt */,
				A61B6BD421201A9B0094B5BC /* SJRotationManager */,
				A61B6BB221201A9B0094B5BC /* SJVolBrigControl */,
				A61B6C04212029A20094B5BC /* Tool */,
			);
			name = SJBaseVideoPlayer;
			path = ../../SJBaseVideoPlayer;
			sourceTree = "<group>";
		};
		A61B6B9A21201A9B0094B5BC /* SJPrompt */ = {
			isa = PBXGroup;
			children = (
				A61B6B9D21201A9B0094B5BC /* SJPrompt.h */,
				A61B6B9B21201A9B0094B5BC /* SJPrompt.m */,
				A61B6B9E21201A9B0094B5BC /* SJPromptConfig.h */,
				A61B6B9C21201A9B0094B5BC /* SJPromptConfig.m */,
			);
			path = SJPrompt;
			sourceTree = "<group>";
		};
		A61B6BB221201A9B0094B5BC /* SJVolBrigControl */ = {
			isa = PBXGroup;
			children = (
				A61B6BB721201A9B0094B5BC /* Resource */,
				A61B6BBC21201A9B0094B5BC /* SJBorderLineView.h */,
				A61B6BB421201A9B0094B5BC /* SJBorderLineView.m */,
				A61B6BB321201A9B0094B5BC /* SJVideoPlayerTipsView.h */,
				A61B6BB621201A9B0094B5BC /* SJVideoPlayerTipsView.m */,
				A61B6BB521201A9B0094B5BC /* SJVolBrigControl.h */,
				A61B6BBB21201A9B0094B5BC /* SJVolBrigControl.m */,
			);
			path = SJVolBrigControl;
			sourceTree = "<group>";
		};
		A61B6BB721201A9B0094B5BC /* Resource */ = {
			isa = PBXGroup;
			children = (
				A61B6BB821201A9B0094B5BC /* SJVolBrigResource.bundle */,
				A61B6BB921201A9B0094B5BC /* SJVolBrigResource.h */,
				A61B6BBA21201A9B0094B5BC /* SJVolBrigResource.m */,
			);
			path = Resource;
			sourceTree = "<group>";
		};
		A61B6BBD21201A9B0094B5BC /* Model */ = {
			isa = PBXGroup;
			children = (
				A61B6BC421201A9B0094B5BC /* SJIsAppeared.h */,
				A61B6BD021201A9B0094B5BC /* SJIsAppeared.m */,
				A61B6BC321201A9B0094B5BC /* SJPlayerAutoplayConfig.h */,
				A61B6BD121201A9B0094B5BC /* SJPlayerAutoplayConfig.m */,
				A61B6BC221201A9B0094B5BC /* SJPlayModel.h */,
				A61B6BCD21201A9B0094B5BC /* SJPlayModel.m */,
				A61B6BCB21201A9B0094B5BC /* SJPlayModelPropertiesObserver.h */,
				A61B6BC121201A9B0094B5BC /* SJPlayModelPropertiesObserver.m */,
				A61B6BC021201A9B0094B5BC /* SJVideoPlayerURLAsset.h */,
				A61B6BCC21201A9B0094B5BC /* SJVideoPlayerURLAsset.m */,
			);
			path = Model;
			sourceTree = "<group>";
		};
		A61B6BD421201A9B0094B5BC /* SJRotationManager */ = {
			isa = PBXGroup;
			children = (
				A61B6BD821201A9B0094B5BC /* SJRotationManager.h */,
				A61B6BDA21201A9B0094B5BC /* SJRotationManager.m */,
				A61B6BD721201A9B0094B5BC /* UINavigationController+SJExtension.h */,
				A61B6BDB21201A9B0094B5BC /* UINavigationController+SJExtension.m */,
				A61B6BDC21201A9B0094B5BC /* UITabBarController+SJExtension.h */,
				A61B6BD621201A9B0094B5BC /* UITabBarController+SJExtension.m */,
				A61B6BD921201A9B0094B5BC /* UIViewController+SJExtension.h */,
				A61B6BD521201A9B0094B5BC /* UIViewController+SJExtension.m */,
			);
			path = SJRotationManager;
			sourceTree = "<group>";
		};
		A61B6BDE21201A9B0094B5BC /* Header */ = {
			isa = PBXGroup;
			children = (
				A61B6BCE21201A9B0094B5BC /* SJMediaPlaybackProtocol.h */,
				A61B6BE321201A9B0094B5BC /* SJNetworkStatus.h */,
				A61B6BE121201A9B0094B5BC /* SJVideoPlayerControlLayerProtocol.h */,
				A61B6BE221201A9B0094B5BC /* SJVideoPlayerPreviewInfo.h */,
				A61B6BDF21201A9B0094B5BC /* SJVideoPlayerState.h */,
				A61B6BCA21201A9B0094B5BC /* SJPlayerBufferStatus.h */,
			);
			path = Header;
			sourceTree = "<group>";
		};
		A61B6C0221201AE50094B5BC /* SJAVMediaPlaybackController */ = {
			isa = PBXGroup;
			children = (
				A61B6BC521201A9B0094B5BC /* SJAVMediaPlaybackController.h */,
				A61B6BCF21201A9B0094B5BC /* SJAVMediaPlaybackController.m */,
				A61B6C0821202D300094B5BC /* SJVideoPlayerURLAsset+SJAVMediaPlaybackAdd.h */,
				A61B6C0921202D300094B5BC /* SJVideoPlayerURLAsset+SJAVMediaPlaybackAdd.m */,
				A61B6C0321201B0F0094B5BC /* Core */,
			);
			path = SJAVMediaPlaybackController;
			sourceTree = "<group>";
		};
		A61B6C0321201B0F0094B5BC /* Core */ = {
			isa = PBXGroup;
			children = (
				A61B6BC921201A9B0094B5BC /* SJAVMediaModelProtocol.h */,
				A61B6BC821201A9B0094B5BC /* SJAVMediaPlayAsset.h */,
				A61B6BBF21201A9B0094B5BC /* SJAVMediaPlayAsset.m */,
				A61B6BBE21201A9B0094B5BC /* SJAVMediaPlayAsset+SJAVMediaPlaybackControllerAdd.h */,
				A61B6BC721201A9B0094B5BC /* SJAVMediaPlayAsset+SJAVMediaPlaybackControllerAdd.m */,
				A61B6BC621201A9B0094B5BC /* SJAVMediaPlayAssetProtocol.h */,
			);
			path = Core;
			sourceTree = "<group>";
		};
		A61B6C04212029A20094B5BC /* Tool */ = {
			isa = PBXGroup;
			children = (
				A61B6C0521202C220094B5BC /* UIView+SJVideoPlayerAdd.h */,
				A61B6C0621202C270094B5BC /* UIView+SJVideoPlayerAdd.m */,
				A61B6BAB21201A9B0094B5BC /* SJPlayerGestureControl.h */,
				A61B6BAA21201A9B0094B5BC /* SJPlayerGestureControl.m */,
				A61B6B9721201A9B0094B5BC /* SJVideoPlayerPresentView.h */,
				A61B6B9821201A9B0094B5BC /* SJVideoPlayerPresentView.m */,
				A61B6BA521201A9B0094B5BC /* SJVideoPlayerRegistrar.h */,
				A61B6BA621201A9B0094B5BC /* SJVideoPlayerRegistrar.m */,
				A61B6BAD21201A9B0094B5BC /* SJTimerControl.h */,
				A61B6BAE21201A9B0094B5BC /* SJTimerControl.m */,
				A61B6BB021201A9B0094B5BC /* SJMediaDownloader.h */,
				A61B6BB121201A9B0094B5BC /* SJMediaDownloader.m */,
				A61B6BA121201A9B0094B5BC /* NSTimer+SJAssetAdd.h */,
				A61B6BA221201A9B0094B5BC /* NSTimer+SJAssetAdd.m */,
			);
			path = Tool;
			sourceTree = "<group>";
		};
		D032E6A2ED349265007434F2 /* Frameworks */ = {
			isa = PBXGroup;
			children = (
				3783465EF81E7A5838D5F3FF /* libPods-Project.a */,
			);
			name = Frameworks;
			sourceTree = "<group>";
		};
		FFBBA4CDD7038BE2A325A590 /* Pods */ = {
			isa = PBXGroup;
			children = (
				77DE8360EA219A9C5A02BA5F /* Pods-Project.debug.xcconfig */,
				04C647CC6AA139DA4312FCCE /* Pods-Project.release.xcconfig */,
			);
			name = Pods;
			sourceTree = "<group>";
		};
/* End PBXGroup section */

/* Begin PBXNativeTarget section */
		77826BD5203E7427009D5F2C /* Project */ = {
			isa = PBXNativeTarget;
			buildConfigurationList = 77826BEC203E7427009D5F2C /* Build configuration list for PBXNativeTarget "Project" */;
			buildPhases = (
				32F55A8A952EC7901DF21A07 /* [CP] Check Pods Manifest.lock */,
				77826BD2203E7427009D5F2C /* Sources */,
				77826BD3203E7427009D5F2C /* Frameworks */,
				77826BD4203E7427009D5F2C /* Resources */,
			);
			buildRules = (
			);
			dependencies = (
			);
			name = Project;
			productName = Project;
			productReference = 77826BD6203E7427009D5F2C /* Project.app */;
			productType = "com.apple.product-type.application";
		};
/* End PBXNativeTarget section */

/* Begin PBXProject section */
		77826BCE203E7427009D5F2C /* Project object */ = {
			isa = PBXProject;
			attributes = {
				LastUpgradeCheck = 0940;
				ORGANIZATIONNAME = SanJiang;
				TargetAttributes = {
					77826BD5203E7427009D5F2C = {
						CreatedOnToolsVersion = 9.2;
						ProvisioningStyle = Manual;
						SystemCapabilities = {
							com.apple.BackgroundModes = {
								enabled = 1;
							};
						};
					};
				};
			};
			buildConfigurationList = 77826BD1203E7427009D5F2C /* Build configuration list for PBXProject "Project" */;
			compatibilityVersion = "Xcode 8.0";
			developmentRegion = en;
			hasScannedForEncodings = 0;
			knownRegions = (
				en,
				Base,
			);
			mainGroup = 77826BCD203E7427009D5F2C;
			productRefGroup = 77826BD7203E7427009D5F2C /* Products */;
			projectDirPath = "";
			projectRoot = "";
			targets = (
				77826BD5203E7427009D5F2C /* Project */,
			);
		};
/* End PBXProject section */

/* Begin PBXResourcesBuildPhase section */
		77826BD4203E7427009D5F2C /* Resources */ = {
			isa = PBXResourcesBuildPhase;
			buildActionMask = 2147483647;
			files = (
				77826BE6203E7427009D5F2C /* LaunchScreen.storyboard in Resources */,
				77826C16203E84E8009D5F2C /* SJBaseVideoPlayer.podspec in Resources */,
				77EE06922047A20D00EA5A92 /* SJBaseVideoPlayer.png in Resources */,
				77826C14203E7773009D5F2C /* placeholder.png in Resources */,
				77826BE3203E7427009D5F2C /* Assets.xcassets in Resources */,
				77826C10203E74AC009D5F2C /* Podfile in Resources */,
				A61B6BF021201A9B0094B5BC /* SJVolBrigResource.bundle in Resources */,
				77826BE1203E7427009D5F2C /* Main.storyboard in Resources */,
				77826C18203FAB8B009D5F2C /* README.md in Resources */,
				77826C12203E75E9009D5F2C /* sample.mp4 in Resources */,
			);
			runOnlyForDeploymentPostprocessing = 0;
		};
/* End PBXResourcesBuildPhase section */

/* Begin PBXShellScriptBuildPhase section */
		32F55A8A952EC7901DF21A07 /* [CP] Check Pods Manifest.lock */ = {
			isa = PBXShellScriptBuildPhase;
			buildActionMask = 2147483647;
			files = (
			);
			inputPaths = (
				"${PODS_PODFILE_DIR_PATH}/Podfile.lock",
				"${PODS_ROOT}/Manifest.lock",
			);
			name = "[CP] Check Pods Manifest.lock";
			outputPaths = (
				"$(DERIVED_FILE_DIR)/Pods-Project-checkManifestLockResult.txt",
			);
			runOnlyForDeploymentPostprocessing = 0;
			shellPath = /bin/sh;
			shellScript = "diff \"${PODS_PODFILE_DIR_PATH}/Podfile.lock\" \"${PODS_ROOT}/Manifest.lock\" > /dev/null\nif [ $? != 0 ] ; then\n    # print error to STDERR\n    echo \"error: The sandbox is not in sync with the Podfile.lock. Run 'pod install' or update your CocoaPods installation.\" >&2\n    exit 1\nfi\n# This output is used by Xcode 'outputs' to avoid re-running this script phase.\necho \"SUCCESS\" > \"${SCRIPT_OUTPUT_FILE_0}\"\n";
			showEnvVarsInLog = 0;
		};
/* End PBXShellScriptBuildPhase section */

/* Begin PBXSourcesBuildPhase section */
		77826BD2203E7427009D5F2C /* Sources */ = {
			isa = PBXSourcesBuildPhase;
			buildActionMask = 2147483647;
			files = (
				A61B6BE621201A9B0094B5BC /* SJPromptConfig.m in Sources */,
				77826BDE203E7427009D5F2C /* ViewController.m in Sources */,
				A61B6BEC21201A9B0094B5BC /* SJTimerControl.m in Sources */,
				A61B6BFD21201A9B0094B5BC /* UIViewController+SJExtension.m in Sources */,
				A61B6BF321201A9B0094B5BC /* SJAVMediaPlayAsset.m in Sources */,
				A61B6BF721201A9B0094B5BC /* SJPlayModel.m in Sources */,
				A61B6BE921201A9B0094B5BC /* SJVideoPlayerRegistrar.m in Sources */,
				A61B6BFC21201A9B0094B5BC /* SJBaseVideoPlayer+PlayStatus.m in Sources */,
				A61B6BFA21201A9B0094B5BC /* SJPlayerAutoplayConfig.m in Sources */,
				A61B6BF421201A9B0094B5BC /* SJPlayModelPropertiesObserver.m in Sources */,
				A61B6C0A21202D300094B5BC /* SJVideoPlayerURLAsset+SJAVMediaPlaybackAdd.m in Sources */,
				A61B6BF521201A9B0094B5BC /* SJAVMediaPlayAsset+SJAVMediaPlaybackControllerAdd.m in Sources */,
				A61B6BFF21201A9B0094B5BC /* SJRotationManager.m in Sources */,
				A61B6BEA21201A9B0094B5BC /* SJBaseVideoPlayer.m in Sources */,
				A61B6BEB21201A9B0094B5BC /* SJPlayerGestureControl.m in Sources */,
				A61B6BF821201A9B0094B5BC /* SJAVMediaPlaybackController.m in Sources */,
				A61B6BF621201A9B0094B5BC /* SJVideoPlayerURLAsset.m in Sources */,
				A61B6BF221201A9B0094B5BC /* SJVolBrigControl.m in Sources */,
				A61B6BEF21201A9B0094B5BC /* SJVideoPlayerTipsView.m in Sources */,
				A61B6BF121201A9B0094B5BC /* SJVolBrigResource.m in Sources */,
				A61B6BE521201A9B0094B5BC /* SJPrompt.m in Sources */,
				A61B6C0021201A9B0094B5BC /* UINavigationController+SJExtension.m in Sources */,
				77826BE9203E7427009D5F2C /* main.m in Sources */,
				A61B6BEE21201A9B0094B5BC /* SJBorderLineView.m in Sources */,
				A61B6BFE21201A9B0094B5BC /* UITabBarController+SJExtension.m in Sources */,
				A61B6BE421201A9B0094B5BC /* SJVideoPlayerPresentView.m in Sources */,
				A61B6C0721202C270094B5BC /* UIView+SJVideoPlayerAdd.m in Sources */,
				A61B6BF921201A9B0094B5BC /* SJIsAppeared.m in Sources */,
				A61B6BE721201A9B0094B5BC /* NSTimer+SJAssetAdd.m in Sources */,
				77826BDB203E7427009D5F2C /* AppDelegate.m in Sources */,
				A61B6BFB21201A9B0094B5BC /* UIScrollView+ListViewAutoplaySJAdd.m in Sources */,
				A61B6BED21201A9B0094B5BC /* SJMediaDownloader.m in Sources */,
			);
			runOnlyForDeploymentPostprocessing = 0;
		};
/* End PBXSourcesBuildPhase section */

/* Begin PBXVariantGroup section */
		77826BDF203E7427009D5F2C /* Main.storyboard */ = {
			isa = PBXVariantGroup;
			children = (
				77826BE0203E7427009D5F2C /* Base */,
			);
			name = Main.storyboard;
			sourceTree = "<group>";
		};
		77826BE4203E7427009D5F2C /* LaunchScreen.storyboard */ = {
			isa = PBXVariantGroup;
			children = (
				77826BE5203E7427009D5F2C /* Base */,
			);
			name = LaunchScreen.storyboard;
			sourceTree = "<group>";
		};
/* End PBXVariantGroup section */

/* Begin XCBuildConfiguration section */
		77826BEA203E7427009D5F2C /* Debug */ = {
			isa = XCBuildConfiguration;
			buildSettings = {
				ALWAYS_SEARCH_USER_PATHS = NO;
				CLANG_ANALYZER_NONNULL = YES;
				CLANG_ANALYZER_NUMBER_OBJECT_CONVERSION = YES_AGGRESSIVE;
				CLANG_CXX_LANGUAGE_STANDARD = "gnu++14";
				CLANG_CXX_LIBRARY = "libc++";
				CLANG_ENABLE_MODULES = YES;
				CLANG_ENABLE_OBJC_ARC = YES;
				CLANG_WARN_BLOCK_CAPTURE_AUTORELEASING = YES;
				CLANG_WARN_BOOL_CONVERSION = YES;
				CLANG_WARN_COMMA = YES;
				CLANG_WARN_CONSTANT_CONVERSION = YES;
				CLANG_WARN_DEPRECATED_OBJC_IMPLEMENTATIONS = YES;
				CLANG_WARN_DIRECT_OBJC_ISA_USAGE = YES_ERROR;
				CLANG_WARN_DOCUMENTATION_COMMENTS = YES;
				CLANG_WARN_EMPTY_BODY = YES;
				CLANG_WARN_ENUM_CONVERSION = YES;
				CLANG_WARN_INFINITE_RECURSION = YES;
				CLANG_WARN_INT_CONVERSION = YES;
				CLANG_WARN_NON_LITERAL_NULL_CONVERSION = YES;
				CLANG_WARN_OBJC_IMPLICIT_RETAIN_SELF = YES;
				CLANG_WARN_OBJC_LITERAL_CONVERSION = YES;
				CLANG_WARN_OBJC_ROOT_CLASS = YES_ERROR;
				CLANG_WARN_RANGE_LOOP_ANALYSIS = YES;
				CLANG_WARN_STRICT_PROTOTYPES = YES;
				CLANG_WARN_SUSPICIOUS_MOVE = YES;
				CLANG_WARN_UNGUARDED_AVAILABILITY = YES_AGGRESSIVE;
				CLANG_WARN_UNREACHABLE_CODE = YES;
				CLANG_WARN__DUPLICATE_METHOD_MATCH = YES;
				CODE_SIGN_IDENTITY = "iPhone Developer";
				COPY_PHASE_STRIP = NO;
				DEBUG_INFORMATION_FORMAT = dwarf;
				ENABLE_STRICT_OBJC_MSGSEND = YES;
				ENABLE_TESTABILITY = YES;
				GCC_C_LANGUAGE_STANDARD = gnu11;
				GCC_DYNAMIC_NO_PIC = NO;
				GCC_NO_COMMON_BLOCKS = YES;
				GCC_OPTIMIZATION_LEVEL = 0;
				GCC_PREPROCESSOR_DEFINITIONS = (
					"DEBUG=1",
					"$(inherited)",
				);
				GCC_WARN_64_TO_32_BIT_CONVERSION = YES;
				GCC_WARN_ABOUT_RETURN_TYPE = YES_ERROR;
				GCC_WARN_UNDECLARED_SELECTOR = YES;
				GCC_WARN_UNINITIALIZED_AUTOS = YES_AGGRESSIVE;
				GCC_WARN_UNUSED_FUNCTION = YES;
				GCC_WARN_UNUSED_VARIABLE = YES;
				IPHONEOS_DEPLOYMENT_TARGET = 11.2;
				MTL_ENABLE_DEBUG_INFO = YES;
				ONLY_ACTIVE_ARCH = YES;
				SDKROOT = iphoneos;
			};
			name = Debug;
		};
		77826BEB203E7427009D5F2C /* Release */ = {
			isa = XCBuildConfiguration;
			buildSettings = {
				ALWAYS_SEARCH_USER_PATHS = NO;
				CLANG_ANALYZER_NONNULL = YES;
				CLANG_ANALYZER_NUMBER_OBJECT_CONVERSION = YES_AGGRESSIVE;
				CLANG_CXX_LANGUAGE_STANDARD = "gnu++14";
				CLANG_CXX_LIBRARY = "libc++";
				CLANG_ENABLE_MODULES = YES;
				CLANG_ENABLE_OBJC_ARC = YES;
				CLANG_WARN_BLOCK_CAPTURE_AUTORELEASING = YES;
				CLANG_WARN_BOOL_CONVERSION = YES;
				CLANG_WARN_COMMA = YES;
				CLANG_WARN_CONSTANT_CONVERSION = YES;
				CLANG_WARN_DEPRECATED_OBJC_IMPLEMENTATIONS = YES;
				CLANG_WARN_DIRECT_OBJC_ISA_USAGE = YES_ERROR;
				CLANG_WARN_DOCUMENTATION_COMMENTS = YES;
				CLANG_WARN_EMPTY_BODY = YES;
				CLANG_WARN_ENUM_CONVERSION = YES;
				CLANG_WARN_INFINITE_RECURSION = YES;
				CLANG_WARN_INT_CONVERSION = YES;
				CLANG_WARN_NON_LITERAL_NULL_CONVERSION = YES;
				CLANG_WARN_OBJC_IMPLICIT_RETAIN_SELF = YES;
				CLANG_WARN_OBJC_LITERAL_CONVERSION = YES;
				CLANG_WARN_OBJC_ROOT_CLASS = YES_ERROR;
				CLANG_WARN_RANGE_LOOP_ANALYSIS = YES;
				CLANG_WARN_STRICT_PROTOTYPES = YES;
				CLANG_WARN_SUSPICIOUS_MOVE = YES;
				CLANG_WARN_UNGUARDED_AVAILABILITY = YES_AGGRESSIVE;
				CLANG_WARN_UNREACHABLE_CODE = YES;
				CLANG_WARN__DUPLICATE_METHOD_MATCH = YES;
				CODE_SIGN_IDENTITY = "iPhone Developer";
				COPY_PHASE_STRIP = NO;
				DEBUG_INFORMATION_FORMAT = "dwarf-with-dsym";
				ENABLE_NS_ASSERTIONS = NO;
				ENABLE_STRICT_OBJC_MSGSEND = YES;
				GCC_C_LANGUAGE_STANDARD = gnu11;
				GCC_NO_COMMON_BLOCKS = YES;
				GCC_WARN_64_TO_32_BIT_CONVERSION = YES;
				GCC_WARN_ABOUT_RETURN_TYPE = YES_ERROR;
				GCC_WARN_UNDECLARED_SELECTOR = YES;
				GCC_WARN_UNINITIALIZED_AUTOS = YES_AGGRESSIVE;
				GCC_WARN_UNUSED_FUNCTION = YES;
				GCC_WARN_UNUSED_VARIABLE = YES;
				IPHONEOS_DEPLOYMENT_TARGET = 11.2;
				MTL_ENABLE_DEBUG_INFO = NO;
				SDKROOT = iphoneos;
				VALIDATE_PRODUCT = YES;
			};
			name = Release;
		};
		77826BED203E7427009D5F2C /* Debug */ = {
			isa = XCBuildConfiguration;
			baseConfigurationReference = 77DE8360EA219A9C5A02BA5F /* Pods-Project.debug.xcconfig */;
			buildSettings = {
				ASSETCATALOG_COMPILER_APPICON_NAME = AppIcon;
				CODE_SIGN_STYLE = Manual;
				DEVELOPMENT_TEAM = DB5B5F2RH5;
				INFOPLIST_FILE = Project/Info.plist;
				IPHONEOS_DEPLOYMENT_TARGET = 9.0;
				LD_RUNPATH_SEARCH_PATHS = "$(inherited) @executable_path/Frameworks";
				PRODUCT_BUNDLE_IDENTIFIER = com.SanJiang.Project;
				PRODUCT_NAME = "$(TARGET_NAME)";
				PROVISIONING_PROFILE = "ae73dc69-dfb3-498f-914b-b86d97fd9950";
				PROVISIONING_PROFILE_SPECIFIER = SanJiangDevelopment;
				TARGETED_DEVICE_FAMILY = "1,2";
			};
			name = Debug;
		};
		77826BEE203E7427009D5F2C /* Release */ = {
			isa = XCBuildConfiguration;
			baseConfigurationReference = 04C647CC6AA139DA4312FCCE /* Pods-Project.release.xcconfig */;
			buildSettings = {
				ASSETCATALOG_COMPILER_APPICON_NAME = AppIcon;
				CODE_SIGN_STYLE = Manual;
				DEVELOPMENT_TEAM = "";
				INFOPLIST_FILE = Project/Info.plist;
				IPHONEOS_DEPLOYMENT_TARGET = 9.0;
				LD_RUNPATH_SEARCH_PATHS = "$(inherited) @executable_path/Frameworks";
				PRODUCT_BUNDLE_IDENTIFIER = com.SanJiang.Project;
				PRODUCT_NAME = "$(TARGET_NAME)";
				PROVISIONING_PROFILE_SPECIFIER = "";
				TARGETED_DEVICE_FAMILY = "1,2";
			};
			name = Release;
		};
/* End XCBuildConfiguration section */

/* Begin XCConfigurationList section */
		77826BD1203E7427009D5F2C /* Build configuration list for PBXProject "Project" */ = {
			isa = XCConfigurationList;
			buildConfigurations = (
				77826BEA203E7427009D5F2C /* Debug */,
				77826BEB203E7427009D5F2C /* Release */,
			);
			defaultConfigurationIsVisible = 0;
			defaultConfigurationName = Release;
		};
		77826BEC203E7427009D5F2C /* Build configuration list for PBXNativeTarget "Project" */ = {
			isa = XCConfigurationList;
			buildConfigurations = (
				77826BED203E7427009D5F2C /* Debug */,
				77826BEE203E7427009D5F2C /* Release */,
			);
			defaultConfigurationIsVisible = 0;
			defaultConfigurationName = Release;
		};
/* End XCConfigurationList section */
	};
	rootObject = 77826BCE203E7427009D5F2C /* Project object */;
}
