PODS:
  - Masonry (1.1.0)
  - Reachability (3.2)
  - SJBaseVideoPlayer (3.2.5.1):
    - Masonry
    - Reachability
    - SJBaseVideoPlayer/AVPlayer (= 3.2.5.1)
    - SJBaseVideoPlayer/Common (= 3.2.5.1)
    - SJUIKit/AttributesFactory (>= 0.0.0.38)
    - SJUIKit/ObserverHelper
    - SJUIKit/Queues
    - SJUIKit/SQLite3
  - SJBaseVideoPlayer/AVPlayer (3.2.5.1):
    - Masonry
    - Reachability
    - SJBaseVideoPlayer/Common
    - SJUIKit/AttributesFactory (>= 0.0.0.38)
    - SJUIKit/ObserverHelper
    - SJUIKit/Queues
    - SJUIKit/SQLite3
  - SJBaseVideoPlayer/Common (3.2.5.1):
    - Masonry
    - Reachability
    - SJBaseVideoPlayer/ResourceLoader
    - SJUIKit/AttributesFactory (>= 0.0.0.38)
    - SJUIKit/ObserverHelper
    - SJUIKit/Queues
    - SJUIKit/SQLite3
  - SJBaseVideoPlayer/ResourceLoader (3.2.5.1):
    - Masonry
    - Reachability
    - SJUIKit/AttributesFactory (>= 0.0.0.38)
    - SJUIKit/ObserverHelper
    - SJUIKit/Queues
    - SJUIKit/SQLite3
  - SJUIKit/AttributesFactory (0.0.0.42):
    - SJUIKit/AttributesFactory/Deprecated (= 0.0.0.42)
    - SJUIKit/AttributesFactory/UIKitText (= 0.0.0.42)
  - SJUIKit/AttributesFactory/Deprecated (0.0.0.42)
  - SJUIKit/AttributesFactory/UIKitText (0.0.0.42)
  - SJUIKit/ObserverHelper (0.0.0.42)
  - SJUIKit/Queues (0.0.0.42)
  - SJUIKit/SQLite3 (0.0.0.42):
    - SJUIKit/SQLite3/Core (= 0.0.0.42)
    - SJUIKit/SQLite3/Protocol (= 0.0.0.42)
  - SJUIKit/SQLite3/Core (0.0.0.42):
    - SJUIKit/SQLite3/Protocol
  - SJUIKit/SQLite3/Protocol (0.0.0.42)

DEPENDENCIES:
  - SJBaseVideoPlayer (from `../../SJBaseVideoPlayer`)

SPEC REPOS:
  https://github.com/CocoaPods/Specs.git:
    - Masonry
    - Reachability
    - SJUIKit

EXTERNAL SOURCES:
  SJBaseVideoPlayer:
    :path: "../../SJBaseVideoPlayer"

SPEC CHECKSUMS:
  Masonry: 678fab65091a9290e40e2832a55e7ab731aad201
  Reachability: 33e18b67625424e47b6cde6d202dce689ad7af96
  SJBaseVideoPlayer: 6e99f0f76da61ebeeaf4d9ceb9c7657694cd1411
  SJUIKit: 1356488a2488a9aafeddaf6a098006277c0eb9b8

PODFILE CHECKSUM: cbd77097d2851a431a2bbe42169a2873b81153fa

COCOAPODS: 1.9.1
